// !$*UTF8*$!
{
	archiveVersion = 1;
	classes = {
	};
	objectVersion = 56;
	objects = {

/* Begin PBXBuildFile section */
		D770419F2A4F5C9F0042F9DC /* MapApp.swift in Sources */ = {isa = PBXBuildFile; fileRef = D770419E2A4F5C9F0042F9DC /* MapApp.swift */; };
		D77041A62A4F5CA00042F9DC /* Preview Assets.xcassets in Resources */ = {isa = PBXBuildFile; fileRef = D77041A52A4F5CA00042F9DC /* Preview Assets.xcassets */; };
		D77041B02A4F5CA00042F9DC /* MapTests.swift in Sources */ = {isa = PBXBuildFile; fileRef = D77041AF2A4F5CA00042F9DC /* MapTests.swift */; };
		D77041BA2A4F5CA00042F9DC /* MapUITests.swift in Sources */ = {isa = PBXBuildFile; fileRef = D77041B92A4F5CA00042F9DC /* MapUITests.swift */; };
		D77041BC2A4F5CA00042F9DC /* MapUITestsLaunchTests.swift in Sources */ = {isa = PBXBuildFile; fileRef = D77041BB2A4F5CA00042F9DC /* MapUITestsLaunchTests.swift */; };
		D77041C92A4F60C00042F9DC /* Assets.xcassets in Resources */ = {isa = PBXBuildFile; fileRef = D77041C82A4F60C00042F9DC /* Assets.xcassets */; };
		D77041CB2A4F60EE0042F9DC /* LocationsDataService.swift in Sources */ = {isa = PBXBuildFile; fileRef = D77041CA2A4F60EE0042F9DC /* LocationsDataService.swift */; };
		D77041D22A4F66180042F9DC /* Location.swift in Sources */ = {isa = PBXBuildFile; fileRef = D77041D12A4F66180042F9DC /* Location.swift */; };
		D77041D42A4F6FC60042F9DC /* LocationView.swift in Sources */ = {isa = PBXBuildFile; fileRef = D77041D32A4F6FC60042F9DC /* LocationView.swift */; };
		D77041D62A4F6FDD0042F9DC /* LocationViewModel.swift in Sources */ = {isa = PBXBuildFile; fileRef = D77041D52A4F6FDD0042F9DC /* LocationViewModel.swift */; };
		D79DC4092A513DE100AD4118 /* LocationPreviewView.swift in Sources */ = {isa = PBXBuildFile; fileRef = D79DC4082A513DE100AD4118 /* LocationPreviewView.swift */; };
		D7A0B8CC2A504BB20058B431 /* RowLocationsView.swift in Sources */ = {isa = PBXBuildFile; fileRef = D7A0B8CB2A504BB20058B431 /* RowLocationsView.swift */; };
/* End PBXBuildFile section */

/* Begin PBXContainerItemProxy section */
		D77041AC2A4F5CA00042F9DC /* PBXContainerItemProxy */ = {
			isa = PBXContainerItemProxy;
			containerPortal = D77041932A4F5C9F0042F9DC /* Project object */;
			proxyType = 1;
			remoteGlobalIDString = D770419A2A4F5C9F0042F9DC;
			remoteInfo = Map;
		};
		D77041B62A4F5CA00042F9DC /* PBXContainerItemProxy */ = {
			isa = PBXContainerItemProxy;
			containerPortal = D77041932A4F5C9F0042F9DC /* Project object */;
			proxyType = 1;
			remoteGlobalIDString = D770419A2A4F5C9F0042F9DC;
			remoteInfo = Map;
		};
/* End PBXContainerItemProxy section */

/* Begin PBXFileReference section */
		D770419B2A4F5C9F0042F9DC /* Map.app */ = {isa = PBXFileReference; explicitFileType = wrapper.application; includeInIndex = 0; path = Map.app; sourceTree = BUILT_PRODUCTS_DIR; };
		D770419E2A4F5C9F0042F9DC /* MapApp.swift */ = {isa = PBXFileReference; lastKnownFileType = sourcecode.swift; path = MapApp.swift; sourceTree = "<group>"; };
		D77041A52A4F5CA00042F9DC /* Preview Assets.xcassets */ = {isa = PBXFileReference; lastKnownFileType = folder.assetcatalog; path = "Preview Assets.xcassets"; sourceTree = "<group>"; };
		D77041AB2A4F5CA00042F9DC /* MapTests.xctest */ = {isa = PBXFileReference; explicitFileType = wrapper.cfbundle; includeInIndex = 0; path = MapTests.xctest; sourceTree = BUILT_PRODUCTS_DIR; };
		D77041AF2A4F5CA00042F9DC /* MapTests.swift */ = {isa = PBXFileReference; lastKnownFileType = sourcecode.swift; path = MapTests.swift; sourceTree = "<group>"; };
		D77041B52A4F5CA00042F9DC /* MapUITests.xctest */ = {isa = PBXFileReference; explicitFileType = wrapper.cfbundle; includeInIndex = 0; path = MapUITests.xctest; sourceTree = BUILT_PRODUCTS_DIR; };
		D77041B92A4F5CA00042F9DC /* MapUITests.swift */ = {isa = PBXFileReference; lastKnownFileType = sourcecode.swift; path = MapUITests.swift; sourceTree = "<group>"; };
		D77041BB2A4F5CA00042F9DC /* MapUITestsLaunchTests.swift */ = {isa = PBXFileReference; lastKnownFileType = sourcecode.swift; path = MapUITestsLaunchTests.swift; sourceTree = "<group>"; };
		D77041C82A4F60C00042F9DC /* Assets.xcassets */ = {isa = PBXFileReference; lastKnownFileType = folder.assetcatalog; path = Assets.xcassets; sourceTree = "<group>"; };
		D77041CA2A4F60EE0042F9DC /* LocationsDataService.swift */ = {isa = PBXFileReference; fileEncoding = 4; lastKnownFileType = sourcecode.swift; path = LocationsDataService.swift; sourceTree = "<group>"; };
		D77041D12A4F66180042F9DC /* Location.swift */ = {isa = PBXFileReference; lastKnownFileType = sourcecode.swift; path = Location.swift; sourceTree = "<group>"; };
		D77041D32A4F6FC60042F9DC /* LocationView.swift */ = {isa = PBXFileReference; lastKnownFileType = sourcecode.swift; path = LocationView.swift; sourceTree = "<group>"; };
		D77041D52A4F6FDD0042F9DC /* LocationViewModel.swift */ = {isa = PBXFileReference; lastKnownFileType = sourcecode.swift; path = LocationViewModel.swift; sourceTree = "<group>"; };
		D79DC4082A513DE100AD4118 /* LocationPreviewView.swift */ = {isa = PBXFileReference; lastKnownFileType = sourcecode.swift; path = LocationPreviewView.swift; sourceTree = "<group>"; };
		D7A0B8CB2A504BB20058B431 /* RowLocationsView.swift */ = {isa = PBXFileReference; lastKnownFileType = sourcecode.swift; path = RowLocationsView.swift; sourceTree = "<group>"; };
/* End PBXFileReference section */

/* Begin PBXFrameworksBuildPhase section */
		D77041982A4F5C9F0042F9DC /* Frameworks */ = {
			isa = PBXFrameworksBuildPhase;
			buildActionMask = 2147483647;
			files = (
			);
			runOnlyForDeploymentPostprocessing = 0;
		};
		D77041A82A4F5CA00042F9DC /* Frameworks */ = {
			isa = PBXFrameworksBuildPhase;
			buildActionMask = 2147483647;
			files = (
			);
			runOnlyForDeploymentPostprocessing = 0;
		};
		D77041B22A4F5CA00042F9DC /* Frameworks */ = {
			isa = PBXFrameworksBuildPhase;
			buildActionMask = 2147483647;
			files = (
			);
			runOnlyForDeploymentPostprocessing = 0;
		};
/* End PBXFrameworksBuildPhase section */

/* Begin PBXGroup section */
		D77041922A4F5C9F0042F9DC = {
			isa = PBXGroup;
			children = (
				D770419D2A4F5C9F0042F9DC /* Map */,
				D77041AE2A4F5CA00042F9DC /* MapTests */,
				D77041B82A4F5CA00042F9DC /* MapUITests */,
				D770419C2A4F5C9F0042F9DC /* Products */,
			);
			sourceTree = "<group>";
		};
		D770419C2A4F5C9F0042F9DC /* Products */ = {
			isa = PBXGroup;
			children = (
				D770419B2A4F5C9F0042F9DC /* Map.app */,
				D77041AB2A4F5CA00042F9DC /* MapTests.xctest */,
				D77041B52A4F5CA00042F9DC /* MapUITests.xctest */,
			);
			name = Products;
			sourceTree = "<group>";
		};
		D770419D2A4F5C9F0042F9DC /* Map */ = {
			isa = PBXGroup;
			children = (
				D77041CD2A4F65BA0042F9DC /* DataServices */,
				D77041CE2A4F65C40042F9DC /* Models */,
				D77041D02A4F65E40042F9DC /* ViewModels */,
				D77041CF2A4F65D70042F9DC /* Views */,
				D770419E2A4F5C9F0042F9DC /* MapApp.swift */,
				D77041C82A4F60C00042F9DC /* Assets.xcassets */,
				D77041A42A4F5CA00042F9DC /* Preview Content */,
			);
			path = Map;
			sourceTree = "<group>";
		};
		D77041A42A4F5CA00042F9DC /* Preview Content */ = {
			isa = PBXGroup;
			children = (
				D77041A52A4F5CA00042F9DC /* Preview Assets.xcassets */,
			);
			path = "Preview Content";
			sourceTree = "<group>";
		};
		D77041AE2A4F5CA00042F9DC /* MapTests */ = {
			isa = PBXGroup;
			children = (
				D77041AF2A4F5CA00042F9DC /* MapTests.swift */,
			);
			path = MapTests;
			sourceTree = "<group>";
		};
		D77041B82A4F5CA00042F9DC /* MapUITests */ = {
			isa = PBXGroup;
			children = (
				D77041B92A4F5CA00042F9DC /* MapUITests.swift */,
				D77041BB2A4F5CA00042F9DC /* MapUITestsLaunchTests.swift */,
			);
			path = MapUITests;
			sourceTree = "<group>";
		};
		D77041CD2A4F65BA0042F9DC /* DataServices */ = {
			isa = PBXGroup;
			children = (
				D77041CA2A4F60EE0042F9DC /* LocationsDataService.swift */,
			);
			path = DataServices;
			sourceTree = "<group>";
		};
		D77041CE2A4F65C40042F9DC /* Models */ = {
			isa = PBXGroup;
			children = (
				D77041D12A4F66180042F9DC /* Location.swift */,
			);
			path = Models;
			sourceTree = "<group>";
		};
		D77041CF2A4F65D70042F9DC /* Views */ = {
			isa = PBXGroup;
			children = (
				D77041D32A4F6FC60042F9DC /* LocationView.swift */,
				D7A0B8CB2A504BB20058B431 /* RowLocationsView.swift */,
				D79DC4082A513DE100AD4118 /* LocationPreviewView.swift */,
			);
			path = Views;
			sourceTree = "<group>";
		};
		D77041D02A4F65E40042F9DC /* ViewModels */ = {
			isa = PBXGroup;
			children = (
				D77041D52A4F6FDD0042F9DC /* LocationViewModel.swift */,
			);
			path = ViewModels;
			sourceTree = "<group>";
		};
/* End PBXGroup section */

/* Begin PBXNativeTarget section */
		D770419A2A4F5C9F0042F9DC /* Map */ = {
			isa = PBXNativeTarget;
			buildConfigurationList = D77041BF2A4F5CA00042F9DC /* Build configuration list for PBXNativeTarget "Map" */;
			buildPhases = (
				D77041972A4F5C9F0042F9DC /* Sources */,
				D77041982A4F5C9F0042F9DC /* Frameworks */,
				D77041992A4F5C9F0042F9DC /* Resources */,
			);
			buildRules = (
			);
			dependencies = (
			);
			name = Map;
			productName = Map;
			productReference = D770419B2A4F5C9F0042F9DC /* Map.app */;
			productType = "com.apple.product-type.application";
		};
		D77041AA2A4F5CA00042F9DC /* MapTests */ = {
			isa = PBXNativeTarget;
			buildConfigurationList = D77041C22A4F5CA00042F9DC /* Build configuration list for PBXNativeTarget "MapTests" */;
			buildPhases = (
				D77041A72A4F5CA00042F9DC /* Sources */,
				D77041A82A4F5CA00042F9DC /* Frameworks */,
				D77041A92A4F5CA00042F9DC /* Resources */,
			);
			buildRules = (
			);
			dependencies = (
				D77041AD2A4F5CA00042F9DC /* PBXTargetDependency */,
			);
			name = MapTests;
			productName = MapTests;
			productReference = D77041AB2A4F5CA00042F9DC /* MapTests.xctest */;
			productType = "com.apple.product-type.bundle.unit-test";
		};
		D77041B42A4F5CA00042F9DC /* MapUITests */ = {
			isa = PBXNativeTarget;
			buildConfigurationList = D77041C52A4F5CA00042F9DC /* Build configuration list for PBXNativeTarget "MapUITests" */;
			buildPhases = (
				D77041B12A4F5CA00042F9DC /* Sources */,
				D77041B22A4F5CA00042F9DC /* Frameworks */,
				D77041B32A4F5CA00042F9DC /* Resources */,
			);
			buildRules = (
			);
			dependencies = (
				D77041B72A4F5CA00042F9DC /* PBXTargetDependency */,
			);
			name = MapUITests;
			productName = MapUITests;
			productReference = D77041B52A4F5CA00042F9DC /* MapUITests.xctest */;
			productType = "com.apple.product-type.bundle.ui-testing";
		};
/* End PBXNativeTarget section */

/* Begin PBXProject section */
		D77041932A4F5C9F0042F9DC /* Project object */ = {
			isa = PBXProject;
			attributes = {
				BuildIndependentTargetsInParallel = 1;
				LastSwiftUpdateCheck = 1430;
				LastUpgradeCheck = 1430;
				TargetAttributes = {
					D770419A2A4F5C9F0042F9DC = {
						CreatedOnToolsVersion = 14.3.1;
					};
					D77041AA2A4F5CA00042F9DC = {
						CreatedOnToolsVersion = 14.3.1;
						TestTargetID = D770419A2A4F5C9F0042F9DC;
					};
					D77041B42A4F5CA00042F9DC = {
						CreatedOnToolsVersion = 14.3.1;
						TestTargetID = D770419A2A4F5C9F0042F9DC;
					};
				};
			};
			buildConfigurationList = D77041962A4F5C9F0042F9DC /* Build configuration list for PBXProject "Map" */;
			compatibilityVersion = "Xcode 14.0";
			developmentRegion = en;
			hasScannedForEncodings = 0;
			knownRegions = (
				en,
				Base,
			);
			mainGroup = D77041922A4F5C9F0042F9DC;
			productRefGroup = D770419C2A4F5C9F0042F9DC /* Products */;
			projectDirPath = "";
			projectRoot = "";
			targets = (
				D770419A2A4F5C9F0042F9DC /* Map */,
				D77041AA2A4F5CA00042F9DC /* MapTests */,
				D77041B42A4F5CA00042F9DC /* MapUITests */,
			);
		};
/* End PBXProject section */

/* Begin PBXResourcesBuildPhase section */
		D77041992A4F5C9F0042F9DC /* Resources */ = {
			isa = PBXResourcesBuildPhase;
			buildActionMask = 2147483647;
			files = (
				D77041C92A4F60C00042F9DC /* Assets.xcassets in Resources */,
				D77041A62A4F5CA00042F9DC /* Preview Assets.xcassets in Resources */,
			);
			runOnlyForDeploymentPostprocessing = 0;
		};
		D77041A92A4F5CA00042F9DC /* Resources */ = {
			isa = PBXResourcesBuildPhase;
			buildActionMask = 2147483647;
			files = (
			);
			runOnlyForDeploymentPostprocessing = 0;
		};
		D77041B32A4F5CA00042F9DC /* Resources */ = {
			isa = PBXResourcesBuildPhase;
			buildActionMask = 2147483647;
			files = (
			);
			runOnlyForDeploymentPostprocessing = 0;
		};
/* End PBXResourcesBuildPhase section */

/* Begin PBXSourcesBuildPhase section */
		D77041972A4F5C9F0042F9DC /* Sources */ = {
			isa = PBXSourcesBuildPhase;
			buildActionMask = 2147483647;
			files = (
				D7A0B8CC2A504BB20058B431 /* RowLocationsView.swift in Sources */,
				D77041D62A4F6FDD0042F9DC /* LocationViewModel.swift in Sources */,
				D770419F2A4F5C9F0042F9DC /* MapApp.swift in Sources */,
				D77041D42A4F6FC60042F9DC /* LocationView.swift in Sources */,
				D79DC4092A513DE100AD4118 /* LocationPreviewView.swift in Sources */,
				D77041D22A4F66180042F9DC /* Location.swift in Sources */,
				D77041CB2A4F60EE0042F9DC /* LocationsDataService.swift in Sources */,
			);
			runOnlyForDeploymentPostprocessing = 0;
		};
		D77041A72A4F5CA00042F9DC /* Sources */ = {
			isa = PBXSourcesBuildPhase;
			buildActionMask = 2147483647;
			files = (
				D77041B02A4F5CA00042F9DC /* MapTests.swift in Sources */,
			);
			runOnlyForDeploymentPostprocessing = 0;
		};
		D77041B12A4F5CA00042F9DC /* Sources */ = {
			isa = PBXSourcesBuildPhase;
			buildActionMask = 2147483647;
			files = (
				D77041BA2A4F5CA00042F9DC /* MapUITests.swift in Sources */,
				D77041BC2A4F5CA00042F9DC /* MapUITestsLaunchTests.swift in Sources */,
			);
			runOnlyForDeploymentPostprocessing = 0;
		};
/* End PBXSourcesBuildPhase section */

/* Begin PBXTargetDependency section */
		D77041AD2A4F5CA00042F9DC /* PBXTargetDependency */ = {
			isa = PBXTargetDependency;
			target = D770419A2A4F5C9F0042F9DC /* Map */;
			targetProxy = D77041AC2A4F5CA00042F9DC /* PBXContainerItemProxy */;
		};
		D77041B72A4F5CA00042F9DC /* PBXTargetDependency */ = {
			isa = PBXTargetDependency;
			target = D770419A2A4F5C9F0042F9DC /* Map */;
			targetProxy = D77041B62A4F5CA00042F9DC /* PBXContainerItemProxy */;
		};
/* End PBXTargetDependency section */

/* Begin XCBuildConfiguration section */
		D77041BD2A4F5CA00042F9DC /* Debug */ = {
			isa = XCBuildConfiguration;
			buildSettings = {
				ALWAYS_SEARCH_USER_PATHS = NO;
				CLANG_ANALYZER_NONNULL = YES;
				CLANG_ANALYZER_NUMBER_OBJECT_CONVERSION = YES_AGGRESSIVE;
				CLANG_CXX_LANGUAGE_STANDARD = "gnu++20";
				CLANG_ENABLE_MODULES = YES;
				CLANG_ENABLE_OBJC_ARC = YES;
				CLANG_ENABLE_OBJC_WEAK = YES;
				CLANG_WARN_BLOCK_CAPTURE_AUTORELEASING = YES;
				CLANG_WARN_BOOL_CONVERSION = YES;
				CLANG_WARN_COMMA = YES;
				CLANG_WARN_CONSTANT_CONVERSION = YES;
				CLANG_WARN_DEPRECATED_OBJC_IMPLEMENTATIONS = YES;
				CLANG_WARN_DIRECT_OBJC_ISA_USAGE = YES_ERROR;
				CLANG_WARN_DOCUMENTATION_COMMENTS = YES;
				CLANG_WARN_EMPTY_BODY = YES;
				CLANG_WARN_ENUM_CONVERSION = YES;
				CLANG_WARN_INFINITE_RECURSION = YES;
				CLANG_WARN_INT_CONVERSION = YES;
				CLANG_WARN_NON_LITERAL_NULL_CONVERSION = YES;
				CLANG_WARN_OBJC_IMPLICIT_RETAIN_SELF = YES;
				CLANG_WARN_OBJC_LITERAL_CONVERSION = YES;
				CLANG_WARN_OBJC_ROOT_CLASS = YES_ERROR;
				CLANG_WARN_QUOTED_INCLUDE_IN_FRAMEWORK_HEADER = YES;
				CLANG_WARN_RANGE_LOOP_ANALYSIS = YES;
				CLANG_WARN_STRICT_PROTOTYPES = YES;
				CLANG_WARN_SUSPICIOUS_MOVE = YES;
				CLANG_WARN_UNGUARDED_AVAILABILITY = YES_AGGRESSIVE;
				CLANG_WARN_UNREACHABLE_CODE = YES;
				CLANG_WARN__DUPLICATE_METHOD_MATCH = YES;
				COPY_PHASE_STRIP = NO;
				DEBUG_INFORMATION_FORMAT = dwarf;
				ENABLE_STRICT_OBJC_MSGSEND = YES;
				ENABLE_TESTABILITY = YES;
				GCC_C_LANGUAGE_STANDARD = gnu11;
				GCC_DYNAMIC_NO_PIC = NO;
				GCC_NO_COMMON_BLOCKS = YES;
				GCC_OPTIMIZATION_LEVEL = 0;
				GCC_PREPROCESSOR_DEFINITIONS = (
					"DEBUG=1",
					"$(inherited)",
				);
				GCC_WARN_64_TO_32_BIT_CONVERSION = YES;
				GCC_WARN_ABOUT_RETURN_TYPE = YES_ERROR;
				GCC_WARN_UNDECLARED_SELECTOR = YES;
				GCC_WARN_UNINITIALIZED_AUTOS = YES_AGGRESSIVE;
				GCC_WARN_UNUSED_FUNCTION = YES;
				GCC_WARN_UNUSED_VARIABLE = YES;
				IPHONEOS_DEPLOYMENT_TARGET = 16.4;
				MTL_ENABLE_DEBUG_INFO = INCLUDE_SOURCE;
				MTL_FAST_MATH = YES;
				ONLY_ACTIVE_ARCH = YES;
				SDKROOT = iphoneos;
				SWIFT_ACTIVE_COMPILATION_CONDITIONS = DEBUG;
				SWIFT_OPTIMIZATION_LEVEL = "-Onone";
			};
			name = Debug;
		};
		D77041BE2A4F5CA00042F9DC /* Release */ = {
			isa = XCBuildConfiguration;
			buildSettings = {
				ALWAYS_SEARCH_USER_PATHS = NO;
				CLANG_ANALYZER_NONNULL = YES;
				CLANG_ANALYZER_NUMBER_OBJECT_CONVERSION = YES_AGGRESSIVE;
				CLANG_CXX_LANGUAGE_STANDARD = "gnu++20";
				CLANG_ENABLE_MODULES = YES;
				CLANG_ENABLE_OBJC_ARC = YES;
				CLANG_ENABLE_OBJC_WEAK = YES;
				CLANG_WARN_BLOCK_CAPTURE_AUTORELEASING = YES;
				CLANG_WARN_BOOL_CONVERSION = YES;
				CLANG_WARN_COMMA = YES;
				CLANG_WARN_CONSTANT_CONVERSION = YES;
				CLANG_WARN_DEPRECATED_OBJC_IMPLEMENTATIONS = YES;
				CLANG_WARN_DIRECT_OBJC_ISA_USAGE = YES_ERROR;
				CLANG_WARN_DOCUMENTATION_COMMENTS = YES;
				CLANG_WARN_EMPTY_BODY = YES;
				CLANG_WARN_ENUM_CONVERSION = YES;
				CLANG_WARN_INFINITE_RECURSION = YES;
				CLANG_WARN_INT_CONVERSION = YES;
				CLANG_WARN_NON_LITERAL_NULL_CONVERSION = YES;
				CLANG_WARN_OBJC_IMPLICIT_RETAIN_SELF = YES;
				CLANG_WARN_OBJC_LITERAL_CONVERSION = YES;
				CLANG_WARN_OBJC_ROOT_CLASS = YES_ERROR;
				CLANG_WARN_QUOTED_INCLUDE_IN_FRAMEWORK_HEADER = YES;
				CLANG_WARN_RANGE_LOOP_ANALYSIS = YES;
				CLANG_WARN_STRICT_PROTOTYPES = YES;
				CLANG_WARN_SUSPICIOUS_MOVE = YES;
				CLANG_WARN_UNGUARDED_AVAILABILITY = YES_AGGRESSIVE;
				CLANG_WARN_UNREACHABLE_CODE = YES;
				CLANG_WARN__DUPLICATE_METHOD_MATCH = YES;
				COPY_PHASE_STRIP = NO;
				DEBUG_INFORMATION_FORMAT = "dwarf-with-dsym";
				ENABLE_NS_ASSERTIONS = NO;
				ENABLE_STRICT_OBJC_MSGSEND = YES;
				GCC_C_LANGUAGE_STANDARD = gnu11;
				GCC_NO_COMMON_BLOCKS = YES;
				GCC_WARN_64_TO_32_BIT_CONVERSION = YES;
				GCC_WARN_ABOUT_RETURN_TYPE = YES_ERROR;
				GCC_WARN_UNDECLARED_SELECTOR = YES;
				GCC_WARN_UNINITIALIZED_AUTOS = YES_AGGRESSIVE;
				GCC_WARN_UNUSED_FUNCTION = YES;
				GCC_WARN_UNUSED_VARIABLE = YES;
				IPHONEOS_DEPLOYMENT_TARGET = 16.4;
				MTL_ENABLE_DEBUG_INFO = NO;
				MTL_FAST_MATH = YES;
				SDKROOT = iphoneos;
				SWIFT_COMPILATION_MODE = wholemodule;
				SWIFT_OPTIMIZATION_LEVEL = "-O";
				VALIDATE_PRODUCT = YES;
			};
			name = Release;
		};
		D77041C02A4F5CA00042F9DC /* Debug */ = {
			isa = XCBuildConfiguration;
			buildSettings = {
				ASSETCATALOG_COMPILER_APPICON_NAME = AppIcon;
				ASSETCATALOG_COMPILER_GLOBAL_ACCENT_COLOR_NAME = AccentColor;
				CODE_SIGN_STYLE = Automatic;
				CURRENT_PROJECT_VERSION = 1;
				DEVELOPMENT_ASSET_PATHS = "\"Map/Preview Content\"";
				DEVELOPMENT_TEAM = ALLT8W45BY;
				ENABLE_PREVIEWS = YES;
				GENERATE_INFOPLIST_FILE = YES;
				INFOPLIST_KEY_UIApplicationSceneManifest_Generation = YES;
				INFOPLIST_KEY_UIApplicationSupportsIndirectInputEvents = YES;
				INFOPLIST_KEY_UILaunchScreen_Generation = YES;
				INFOPLIST_KEY_UISupportedInterfaceOrientations_iPad = "UIInterfaceOrientationPortrait UIInterfaceOrientationPortraitUpsideDown UIInterfaceOrientationLandscapeLeft UIInterfaceOrientationLandscapeRight";
				INFOPLIST_KEY_UISupportedInterfaceOrientations_iPhone = "UIInterfaceOrientationPortrait UIInterfaceOrientationLandscapeLeft UIInterfaceOrientationLandscapeRight";
				LD_RUNPATH_SEARCH_PATHS = (
					"$(inherited)",
					"@executable_path/Frameworks",
				);
				MARKETING_VERSION = 1.0;
				PRODUCT_BUNDLE_IDENTIFIER = OKEI.Map;
				PRODUCT_NAME = "$(TARGET_NAME)";
				SWIFT_EMIT_LOC_STRINGS = YES;
				SWIFT_VERSION = 5.0;
				TARGETED_DEVICE_FAMILY = "1,2";
			};
			name = Debug;
		};
		D77041C12A4F5CA00042F9DC /* Release */ = {
			isa = XCBuildConfiguration;
			buildSettings = {
				ASSETCATALOG_COMPILER_APPICON_NAME = AppIcon;
				ASSETCATALOG_COMPILER_GLOBAL_ACCENT_COLOR_NAME = AccentColor;
				CODE_SIGN_STYLE = Automatic;
				CURRENT_PROJECT_VERSION = 1;
				DEVELOPMENT_ASSET_PATHS = "\"Map/Preview Content\"";
				DEVELOPMENT_TEAM = ALLT8W45BY;
				ENABLE_PREVIEWS = YES;
				GENERATE_INFOPLIST_FILE = YES;
				INFOPLIST_KEY_UIApplicationSceneManifest_Generation = YES;
				INFOPLIST_KEY_UIApplicationSupportsIndirectInputEvents = YES;
				INFOPLIST_KEY_UILaunchScreen_Generation = YES;
				INFOPLIST_KEY_UISupportedInterfaceOrientations_iPad = "UIInterfaceOrientationPortrait UIInterfaceOrientationPortraitUpsideDown UIInterfaceOrientationLandscapeLeft UIInterfaceOrientationLandscapeRight";
				INFOPLIST_KEY_UISupportedInterfaceOrientations_iPhone = "UIInterfaceOrientationPortrait UIInterfaceOrientationLandscapeLeft UIInterfaceOrientationLandscapeRight";
				LD_RUNPATH_SEARCH_PATHS = (
					"$(inherited)",
					"@executable_path/Frameworks",
				);
				MARKETING_VERSION = 1.0;
				PRODUCT_BUNDLE_IDENTIFIER = OKEI.Map;
				PRODUCT_NAME = "$(TARGET_NAME)";
				SWIFT_EMIT_LOC_STRINGS = YES;
				SWIFT_VERSION = 5.0;
				TARGETED_DEVICE_FAMILY = "1,2";
			};
			name = Release;
		};
		D77041C32A4F5CA00042F9DC /* Debug */ = {
			isa = XCBuildConfiguration;
			buildSettings = {
				ALWAYS_EMBED_SWIFT_STANDARD_LIBRARIES = YES;
				BUNDLE_LOADER = "$(TEST_HOST)";
				CODE_SIGN_STYLE = Automatic;
				CURRENT_PROJECT_VERSION = 1;
				DEVELOPMENT_TEAM = ALLT8W45BY;
				GENERATE_INFOPLIST_FILE = YES;
				IPHONEOS_DEPLOYMENT_TARGET = 16.4;
				MARKETING_VERSION = 1.0;
				PRODUCT_BUNDLE_IDENTIFIER = OKEI.MapTests;
				PRODUCT_NAME = "$(TARGET_NAME)";
				SWIFT_EMIT_LOC_STRINGS = NO;
				SWIFT_VERSION = 5.0;
				TARGETED_DEVICE_FAMILY = "1,2";
				TEST_HOST = "$(BUILT_PRODUCTS_DIR)/Map.app/$(BUNDLE_EXECUTABLE_FOLDER_PATH)/Map";
			};
			name = Debug;
		};
		D77041C42A4F5CA00042F9DC /* Release */ = {
			isa = XCBuildConfiguration;
			buildSettings = {
				ALWAYS_EMBED_SWIFT_STANDARD_LIBRARIES = YES;
				BUNDLE_LOADER = "$(TEST_HOST)";
				CODE_SIGN_STYLE = Automatic;
				CURRENT_PROJECT_VERSION = 1;
				DEVELOPMENT_TEAM = ALLT8W45BY;
				GENERATE_INFOPLIST_FILE = YES;
				IPHONEOS_DEPLOYMENT_TARGET = 16.4;
				MARKETING_VERSION = 1.0;
				PRODUCT_BUNDLE_IDENTIFIER = OKEI.MapTests;
				PRODUCT_NAME = "$(TARGET_NAME)";
				SWIFT_EMIT_LOC_STRINGS = NO;
				SWIFT_VERSION = 5.0;
				TARGETED_DEVICE_FAMILY = "1,2";
				TEST_HOST = "$(BUILT_PRODUCTS_DIR)/Map.app/$(BUNDLE_EXECUTABLE_FOLDER_PATH)/Map";
			};
			name = Release;
		};
		D77041C62A4F5CA00042F9DC /* Debug */ = {
			isa = XCBuildConfiguration;
			buildSettings = {
				ALWAYS_EMBED_SWIFT_STANDARD_LIBRARIES = YES;
				CODE_SIGN_STYLE = Automatic;
				CURRENT_PROJECT_VERSION = 1;
				DEVELOPMENT_TEAM = ALLT8W45BY;
				GENERATE_INFOPLIST_FILE = YES;
				MARKETING_VERSION = 1.0;
				PRODUCT_BUNDLE_IDENTIFIER = OKEI.MapUITests;
				PRODUCT_NAME = "$(TARGET_NAME)";
				SWIFT_EMIT_LOC_STRINGS = NO;
				SWIFT_VERSION = 5.0;
				TARGETED_DEVICE_FAMILY = "1,2";
				TEST_TARGET_NAME = Map;
			};
			name = Debug;
		};
		D77041C72A4F5CA00042F9DC /* Release */ = {
			isa = XCBuildConfiguration;
			buildSettings = {
				ALWAYS_EMBED_SWIFT_STANDARD_LIBRARIES = YES;
				CODE_SIGN_STYLE = Automatic;
				CURRENT_PROJECT_VERSION = 1;
				DEVELOPMENT_TEAM = ALLT8W45BY;
				GENERATE_INFOPLIST_FILE = YES;
				MARKETING_VERSION = 1.0;
				PRODUCT_BUNDLE_IDENTIFIER = OKEI.MapUITests;
				PRODUCT_NAME = "$(TARGET_NAME)";
				SWIFT_EMIT_LOC_STRINGS = NO;
				SWIFT_VERSION = 5.0;
				TARGETED_DEVICE_FAMILY = "1,2";
				TEST_TARGET_NAME = Map;
			};
			name = Release;
		};
/* End XCBuildConfiguration section */

/* Begin XCConfigurationList section */
		D77041962A4F5C9F0042F9DC /* Build configuration list for PBXProject "Map" */ = {
			isa = XCConfigurationList;
			buildConfigurations = (
				D77041BD2A4F5CA00042F9DC /* Debug */,
				D77041BE2A4F5CA00042F9DC /* Release */,
			);
			defaultConfigurationIsVisible = 0;
			defaultConfigurationName = Release;
		};
		D77041BF2A4F5CA00042F9DC /* Build configuration list for PBXNativeTarget "Map" */ = {
			isa = XCConfigurationList;
			buildConfigurations = (
				D77041C02A4F5CA00042F9DC /* Debug */,
				D77041C12A4F5CA00042F9DC /* Release */,
			);
			defaultConfigurationIsVisible = 0;
			defaultConfigurationName = Release;
		};
		D77041C22A4F5CA00042F9DC /* Build configuration list for PBXNativeTarget "MapTests" */ = {
			isa = XCConfigurationList;
			buildConfigurations = (
				D77041C32A4F5CA00042F9DC /* Debug */,
				D77041C42A4F5CA00042F9DC /* Release */,
			);
			defaultConfigurationIsVisible = 0;
			defaultConfigurationName = Release;
		};
		D77041C52A4F5CA00042F9DC /* Build configuration list for PBXNativeTarget "MapUITests" */ = {
			isa = XCConfigurationList;
			buildConfigurations = (
				D77041C62A4F5CA00042F9DC /* Debug */,
				D77041C72A4F5CA00042F9DC /* Release */,
			);
			defaultConfigurationIsVisible = 0;
			defaultConfigurationName = Release;
		};
/* End XCConfigurationList section */
	};
	rootObject = D77041932A4F5C9F0042F9DC /* Project object */;
}
